// !$*UTF8*$!
{
	archiveVersion = 1;
	classes = {
	};
	objectVersion = 46;
	objects = {

/* Begin PBXBuildFile section */
		1807A88E1C6E4C4D000B92B1 /* AppDelegate.swift in Sources */ = {isa = PBXBuildFile; fileRef = 1807A88D1C6E4C4D000B92B1 /* AppDelegate.swift */; };
		1807A8901C6E4C4D000B92B1 /* ViewController.swift in Sources */ = {isa = PBXBuildFile; fileRef = 1807A88F1C6E4C4D000B92B1 /* ViewController.swift */; };
		1807A8931C6E4C4D000B92B1 /* Main.storyboard in Resources */ = {isa = PBXBuildFile; fileRef = 1807A8911C6E4C4D000B92B1 /* Main.storyboard */; };
		1807A8951C6E4C4D000B92B1 /* Assets.xcassets in Resources */ = {isa = PBXBuildFile; fileRef = 1807A8941C6E4C4D000B92B1 /* Assets.xcassets */; };
		1807A8981C6E4C4D000B92B1 /* LaunchScreen.storyboard in Resources */ = {isa = PBXBuildFile; fileRef = 1807A8961C6E4C4D000B92B1 /* LaunchScreen.storyboard */; };
		1807A8A21C6E4C8C000B92B1 /* sqlite3.c in Sources */ = {isa = PBXBuildFile; fileRef = 1807A8A01C6E4C8C000B92B1 /* sqlite3.c */; settings = {COMPILER_FLAGS = "-w"; }; };
		1807A8AF1C6E4CC0000B92B1 /* FMDatabase.m in Sources */ = {isa = PBXBuildFile; fileRef = 1807A8A51C6E4CC0000B92B1 /* FMDatabase.m */; };
		1807A8B01C6E4CC0000B92B1 /* FMDatabaseAdditions.m in Sources */ = {isa = PBXBuildFile; fileRef = 1807A8A71C6E4CC0000B92B1 /* FMDatabaseAdditions.m */; };
		1807A8B11C6E4CC0000B92B1 /* FMDatabasePool.m in Sources */ = {isa = PBXBuildFile; fileRef = 1807A8A91C6E4CC0000B92B1 /* FMDatabasePool.m */; };
		1807A8B21C6E4CC0000B92B1 /* FMDatabaseQueue.m in Sources */ = {isa = PBXBuildFile; fileRef = 1807A8AB1C6E4CC0000B92B1 /* FMDatabaseQueue.m */; };
		1807A8B31C6E4CC0000B92B1 /* FMResultSet.m in Sources */ = {isa = PBXBuildFile; fileRef = 1807A8AE1C6E4CC0000B92B1 /* FMResultSet.m */; };
		1807A8B81C6E50A7000B92B1 /* libz.tbd in Frameworks */ = {isa = PBXBuildFile; fileRef = 1807A8B41C6E4D62000B92B1 /* libz.tbd */; };
/* End PBXBuildFile section */

/* Begin PBXFileReference section */
		1807A88A1C6E4C4D000B92B1 /* sqlcipher.app */ = {isa = PBXFileReference; explicitFileType = wrapper.application; includeInIndex = 0; path = sqlcipher.app; sourceTree = BUILT_PRODUCTS_DIR; };
		1807A88D1C6E4C4D000B92B1 /* AppDelegate.swift */ = {isa = PBXFileReference; lastKnownFileType = sourcecode.swift; path = AppDelegate.swift; sourceTree = "<group>"; };
		1807A88F1C6E4C4D000B92B1 /* ViewController.swift */ = {isa = PBXFileReference; lastKnownFileType = sourcecode.swift; path = ViewController.swift; sourceTree = "<group>"; };
		1807A8921C6E4C4D000B92B1 /* Base */ = {isa = PBXFileReference; lastKnownFileType = file.storyboard; name = Base; path = Base.lproj/Main.storyboard; sourceTree = "<group>"; };
		1807A8941C6E4C4D000B92B1 /* Assets.xcassets */ = {isa = PBXFileReference; lastKnownFileType = folder.assetcatalog; path = Assets.xcassets; sourceTree = "<group>"; };
		1807A8971C6E4C4D000B92B1 /* Base */ = {isa = PBXFileReference; lastKnownFileType = file.storyboard; name = Base; path = Base.lproj/LaunchScreen.storyboard; sourceTree = "<group>"; };
		1807A8991C6E4C4D000B92B1 /* Info.plist */ = {isa = PBXFileReference; lastKnownFileType = text.plist.xml; path = Info.plist; sourceTree = "<group>"; };
		1807A8A01C6E4C8C000B92B1 /* sqlite3.c */ = {isa = PBXFileReference; fileEncoding = 4; lastKnownFileType = sourcecode.c.c; path = sqlite3.c; sourceTree = "<group>"; };
		1807A8A11C6E4C8C000B92B1 /* sqlite3.h */ = {isa = PBXFileReference; fileEncoding = 4; lastKnownFileType = sourcecode.c.h; path = sqlite3.h; sourceTree = "<group>"; };
		1807A8A41C6E4CC0000B92B1 /* FMDatabase.h */ = {isa = PBXFileReference; fileEncoding = 4; lastKnownFileType = sourcecode.c.h; path = FMDatabase.h; sourceTree = "<group>"; };
		1807A8A51C6E4CC0000B92B1 /* FMDatabase.m */ = {isa = PBXFileReference; fileEncoding = 4; lastKnownFileType = sourcecode.c.objc; path = FMDatabase.m; sourceTree = "<group>"; };
		1807A8A61C6E4CC0000B92B1 /* FMDatabaseAdditions.h */ = {isa = PBXFileReference; fileEncoding = 4; lastKnownFileType = sourcecode.c.h; path = FMDatabaseAdditions.h; sourceTree = "<group>"; };
		1807A8A71C6E4CC0000B92B1 /* FMDatabaseAdditions.m */ = {isa = PBXFileReference; fileEncoding = 4; lastKnownFileType = sourcecode.c.objc; path = FMDatabaseAdditions.m; sourceTree = "<group>"; };
		1807A8A81C6E4CC0000B92B1 /* FMDatabasePool.h */ = {isa = PBXFileReference; fileEncoding = 4; lastKnownFileType = sourcecode.c.h; path = FMDatabasePool.h; sourceTree = "<group>"; };
		1807A8A91C6E4CC0000B92B1 /* FMDatabasePool.m */ = {isa = PBXFileReference; fileEncoding = 4; lastKnownFileType = sourcecode.c.objc; path = FMDatabasePool.m; sourceTree = "<group>"; };
		1807A8AA1C6E4CC0000B92B1 /* FMDatabaseQueue.h */ = {isa = PBXFileReference; fileEncoding = 4; lastKnownFileType = sourcecode.c.h; path = FMDatabaseQueue.h; sourceTree = "<group>"; };
		1807A8AB1C6E4CC0000B92B1 /* FMDatabaseQueue.m */ = {isa = PBXFileReference; fileEncoding = 4; lastKnownFileType = sourcecode.c.objc; path = FMDatabaseQueue.m; sourceTree = "<group>"; };
		1807A8AC1C6E4CC0000B92B1 /* FMDB.h */ = {isa = PBXFileReference; fileEncoding = 4; lastKnownFileType = sourcecode.c.h; path = FMDB.h; sourceTree = "<group>"; };
		1807A8AD1C6E4CC0000B92B1 /* FMResultSet.h */ = {isa = PBXFileReference; fileEncoding = 4; lastKnownFileType = sourcecode.c.h; path = FMResultSet.h; sourceTree = "<group>"; };
		1807A8AE1C6E4CC0000B92B1 /* FMResultSet.m */ = {isa = PBXFileReference; fileEncoding = 4; lastKnownFileType = sourcecode.c.objc; path = FMResultSet.m; sourceTree = "<group>"; };
		1807A8B41C6E4D62000B92B1 /* libz.tbd */ = {isa = PBXFileReference; lastKnownFileType = "sourcecode.text-based-dylib-definition"; name = libz.tbd; path = usr/lib/libz.tbd; sourceTree = SDKROOT; };
		1807A8B61C6E4DEA000B92B1 /* My-Bridging-Header.h */ = {isa = PBXFileReference; lastKnownFileType = sourcecode.c.h; path = "My-Bridging-Header.h"; sourceTree = "<group>"; };
/* End PBXFileReference section */

/* Begin PBXFrameworksBuildPhase section */
		1807A8871C6E4C4D000B92B1 /* Frameworks */ = {
			isa = PBXFrameworksBuildPhase;
			buildActionMask = 2147483647;
			files = (
				1807A8B81C6E50A7000B92B1 /* libz.tbd in Frameworks */,
			);
			runOnlyForDeploymentPostprocessing = 0;
		};
/* End PBXFrameworksBuildPhase section */

/* Begin PBXGroup section */
		1807A8811C6E4C4D000B92B1 = {
			isa = PBXGroup;
			children = (
				1807A88C1C6E4C4D000B92B1 /* sqlcipher */,
				1807A88B1C6E4C4D000B92B1 /* Products */,
			);
			sourceTree = "<group>";
		};
		1807A88B1C6E4C4D000B92B1 /* Products */ = {
			isa = PBXGroup;
			children = (
				1807A88A1C6E4C4D000B92B1 /* sqlcipher.app */,
			);
			name = Products;
			sourceTree = "<group>";
		};
		1807A88C1C6E4C4D000B92B1 /* sqlcipher */ = {
			isa = PBXGroup;
			children = (
				1807A88D1C6E4C4D000B92B1 /* AppDelegate.swift */,
				1807A8B61C6E4DEA000B92B1 /* My-Bridging-Header.h */,
				1807A88F1C6E4C4D000B92B1 /* ViewController.swift */,
				1807A8911C6E4C4D000B92B1 /* Main.storyboard */,
				1807A8941C6E4C4D000B92B1 /* Assets.xcassets */,
				1807A8961C6E4C4D000B92B1 /* LaunchScreen.storyboard */,
				1807A8991C6E4C4D000B92B1 /* Info.plist */,
				1807A8B41C6E4D62000B92B1 /* libz.tbd */,
				1807A8A31C6E4CC0000B92B1 /* fmdb */,
				1807A89F1C6E4C8C000B92B1 /* SQLCipher */,
			);
			path = sqlcipher;
			sourceTree = "<group>";
		};
		1807A89F1C6E4C8C000B92B1 /* SQLCipher */ = {
			isa = PBXGroup;
			children = (
				1807A8A01C6E4C8C000B92B1 /* sqlite3.c */,
				1807A8A11C6E4C8C000B92B1 /* sqlite3.h */,
			);
			path = SQLCipher;
			sourceTree = "<group>";
		};
		1807A8A31C6E4CC0000B92B1 /* fmdb */ = {
			isa = PBXGroup;
			children = (
				1807A8A41C6E4CC0000B92B1 /* FMDatabase.h */,
				1807A8A51C6E4CC0000B92B1 /* FMDatabase.m */,
				1807A8A61C6E4CC0000B92B1 /* FMDatabaseAdditions.h */,
				1807A8A71C6E4CC0000B92B1 /* FMDatabaseAdditions.m */,
				1807A8A81C6E4CC0000B92B1 /* FMDatabasePool.h */,
				1807A8A91C6E4CC0000B92B1 /* FMDatabasePool.m */,
				1807A8AA1C6E4CC0000B92B1 /* FMDatabaseQueue.h */,
				1807A8AB1C6E4CC0000B92B1 /* FMDatabaseQueue.m */,
				1807A8AC1C6E4CC0000B92B1 /* FMDB.h */,
				1807A8AD1C6E4CC0000B92B1 /* FMResultSet.h */,
				1807A8AE1C6E4CC0000B92B1 /* FMResultSet.m */,
			);
			path = fmdb;
			sourceTree = "<group>";
		};
/* End PBXGroup section */

/* Begin PBXNativeTarget section */
		1807A8891C6E4C4D000B92B1 /* sqlcipher */ = {
			isa = PBXNativeTarget;
			buildConfigurationList = 1807A89C1C6E4C4D000B92B1 /* Build configuration list for PBXNativeTarget "sqlcipher" */;
			buildPhases = (
				1807A8861C6E4C4D000B92B1 /* Sources */,
				1807A8871C6E4C4D000B92B1 /* Frameworks */,
				1807A8881C6E4C4D000B92B1 /* Resources */,
			);
			buildRules = (
			);
			dependencies = (
			);
			name = sqlcipher;
			productName = sqlcipher;
			productReference = 1807A88A1C6E4C4D000B92B1 /* sqlcipher.app */;
			productType = "com.apple.product-type.application";
		};
/* End PBXNativeTarget section */

/* Begin PBXProject section */
		1807A8821C6E4C4D000B92B1 /* Project object */ = {
			isa = PBXProject;
			attributes = {
				LastSwiftUpdateCheck = 0720;
				LastUpgradeCheck = 0720;
				ORGANIZATIONNAME = leeey;
				TargetAttributes = {
					1807A8891C6E4C4D000B92B1 = {
						CreatedOnToolsVersion = 7.2;
					};
				};
			};
			buildConfigurationList = 1807A8851C6E4C4D000B92B1 /* Build configuration list for PBXProject "sqlcipher" */;
			compatibilityVersion = "Xcode 3.2";
			developmentRegion = English;
			hasScannedForEncodings = 0;
			knownRegions = (
				en,
				Base,
			);
			mainGroup = 1807A8811C6E4C4D000B92B1;
			productRefGroup = 1807A88B1C6E4C4D000B92B1 /* Products */;
			projectDirPath = "";
			projectRoot = "";
			targets = (
				1807A8891C6E4C4D000B92B1 /* sqlcipher */,
			);
		};
/* End PBXProject section */

/* Begin PBXResourcesBuildPhase section */
		1807A8881C6E4C4D000B92B1 /* Resources */ = {
			isa = PBXResourcesBuildPhase;
			buildActionMask = 2147483647;
			files = (
				1807A8981C6E4C4D000B92B1 /* LaunchScreen.storyboard in Resources */,
				1807A8951C6E4C4D000B92B1 /* Assets.xcassets in Resources */,
				1807A8931C6E4C4D000B92B1 /* Main.storyboard in Resources */,
			);
			runOnlyForDeploymentPostprocessing = 0;
		};
/* End PBXResourcesBuildPhase section */

/* Begin PBXSourcesBuildPhase section */
		1807A8861C6E4C4D000B92B1 /* Sources */ = {
			isa = PBXSourcesBuildPhase;
			buildActionMask = 2147483647;
			files = (
				1807A8901C6E4C4D000B92B1 /* ViewController.swift in Sources */,
				1807A8B11C6E4CC0000B92B1 /* FMDatabasePool.m in Sources */,
				1807A8A21C6E4C8C000B92B1 /* sqlite3.c in Sources */,
				1807A8B21C6E4CC0000B92B1 /* FMDatabaseQueue.m in Sources */,
				1807A88E1C6E4C4D000B92B1 /* AppDelegate.swift in Sources */,
				1807A8AF1C6E4CC0000B92B1 /* FMDatabase.m in Sources */,
				1807A8B31C6E4CC0000B92B1 /* FMResultSet.m in Sources */,
				1807A8B01C6E4CC0000B92B1 /* FMDatabaseAdditions.m in Sources */,
			);
			runOnlyForDeploymentPostprocessing = 0;
		};
/* End PBXSourcesBuildPhase section */

/* Begin PBXVariantGroup section */
		1807A8911C6E4C4D000B92B1 /* Main.storyboard */ = {
			isa = PBXVariantGroup;
			children = (
				1807A8921C6E4C4D000B92B1 /* Base */,
			);
			name = Main.storyboard;
			sourceTree = "<group>";
		};
		1807A8961C6E4C4D000B92B1 /* LaunchScreen.storyboard */ = {
			isa = PBXVariantGroup;
			children = (
				1807A8971C6E4C4D000B92B1 /* Base */,
			);
			name = LaunchScreen.storyboard;
			sourceTree = "<group>";
		};
/* End PBXVariantGroup section */

/* Begin XCBuildConfiguration section */
		1807A89A1C6E4C4D000B92B1 /* Debug */ = {
			isa = XCBuildConfiguration;
			buildSettings = {
				ALWAYS_SEARCH_USER_PATHS = NO;
				CLANG_CXX_LANGUAGE_STANDARD = "gnu++0x";
				CLANG_CXX_LIBRARY = "libc++";
				CLANG_ENABLE_MODULES = YES;
				CLANG_ENABLE_OBJC_ARC = YES;
				CLANG_WARN_BOOL_CONVERSION = YES;
				CLANG_WARN_CONSTANT_CONVERSION = YES;
				CLANG_WARN_DIRECT_OBJC_ISA_USAGE = YES_ERROR;
				CLANG_WARN_EMPTY_BODY = YES;
				CLANG_WARN_ENUM_CONVERSION = YES;
				CLANG_WARN_INT_CONVERSION = YES;
				CLANG_WARN_OBJC_ROOT_CLASS = YES_ERROR;
				CLANG_WARN_UNREACHABLE_CODE = YES;
				CLANG_WARN__DUPLICATE_METHOD_MATCH = YES;
				"CODE_SIGN_IDENTITY[sdk=iphoneos*]" = "iPhone Developer";
				COPY_PHASE_STRIP = NO;
				DEBUG_INFORMATION_FORMAT = dwarf;
				ENABLE_STRICT_OBJC_MSGSEND = YES;
				ENABLE_TESTABILITY = YES;
				GCC_C_LANGUAGE_STANDARD = gnu99;
				GCC_DYNAMIC_NO_PIC = NO;
				GCC_NO_COMMON_BLOCKS = YES;
				GCC_OPTIMIZATION_LEVEL = 0;
				GCC_PREPROCESSOR_DEFINITIONS = (
					"DEBUG=1",
					"$(inherited)",
				);
				GCC_WARN_64_TO_32_BIT_CONVERSION = YES;
				GCC_WARN_ABOUT_RETURN_TYPE = YES_ERROR;
				GCC_WARN_UNDECLARED_SELECTOR = YES;
				GCC_WARN_UNINITIALIZED_AUTOS = YES_AGGRESSIVE;
				GCC_WARN_UNUSED_FUNCTION = YES;
				GCC_WARN_UNUSED_VARIABLE = YES;
				IPHONEOS_DEPLOYMENT_TARGET = 9.2;
				MTL_ENABLE_DEBUG_INFO = YES;
				ONLY_ACTIVE_ARCH = YES;
				SDKROOT = iphoneos;
				SWIFT_OPTIMIZATION_LEVEL = "-Onone";
			};
			name = Debug;
		};
		1807A89B1C6E4C4D000B92B1 /* Release */ = {
			isa = XCBuildConfiguration;
			buildSettings = {
				ALWAYS_SEARCH_USER_PATHS = NO;
				CLANG_CXX_LANGUAGE_STANDARD = "gnu++0x";
				CLANG_CXX_LIBRARY = "libc++";
				CLANG_ENABLE_MODULES = YES;
				CLANG_ENABLE_OBJC_ARC = YES;
				CLANG_WARN_BOOL_CONVERSION = YES;
				CLANG_WARN_CONSTANT_CONVERSION = YES;
				CLANG_WARN_DIRECT_OBJC_ISA_USAGE = YES_ERROR;
				CLANG_WARN_EMPTY_BODY = YES;
				CLANG_WARN_ENUM_CONVERSION = YES;
				CLANG_WARN_INT_CONVERSION = YES;
				CLANG_WARN_OBJC_ROOT_CLASS = YES_ERROR;
				CLANG_WARN_UNREACHABLE_CODE = YES;
				CLANG_WARN__DUPLICATE_METHOD_MATCH = YES;
				"CODE_SIGN_IDENTITY[sdk=iphoneos*]" = "iPhone Developer";
				COPY_PHASE_STRIP = NO;
				DEBUG_INFORMATION_FORMAT = "dwarf-with-dsym";
				ENABLE_NS_ASSERTIONS = NO;
				ENABLE_STRICT_OBJC_MSGSEND = YES;
				GCC_C_LANGUAGE_STANDARD = gnu99;
				GCC_NO_COMMON_BLOCKS = YES;
				GCC_WARN_64_TO_32_BIT_CONVERSION = YES;
				GCC_WARN_ABOUT_RETURN_TYPE = YES_ERROR;
				GCC_WARN_UNDECLARED_SELECTOR = YES;
				GCC_WARN_UNINITIALIZED_AUTOS = YES_AGGRESSIVE;
				GCC_WARN_UNUSED_FUNCTION = YES;
				GCC_WARN_UNUSED_VARIABLE = YES;
				IPHONEOS_DEPLOYMENT_TARGET = 9.2;
				MTL_ENABLE_DEBUG_INFO = NO;
				SDKROOT = iphoneos;
				VALIDATE_PRODUCT = YES;
			};
			name = Release;
		};
		1807A89D1C6E4C4D000B92B1 /* Debug */ = {
			isa = XCBuildConfiguration;
			buildSettings = {
				ASSETCATALOG_COMPILER_APPICON_NAME = AppIcon;
				ENABLE_BITCODE = NO;
				HEADER_SEARCH_PATHS = "$(PROJECT_DIR)";
				INFOPLIST_FILE = sqlcipher/Info.plist;
				IPHONEOS_DEPLOYMENT_TARGET = 8;
				LD_RUNPATH_SEARCH_PATHS = "$(inherited) @executable_path/Frameworks";
				LIBRARY_SEARCH_PATHS = "$(PROJECT_DIR)";
				OTHER_CFLAGS = (
					"-DSQLITE_HAS_CODEC",
					"-DSQLCIPHER_CRYPTO_CC",
				);
				PRODUCT_BUNDLE_IDENTIFIER = leeey.sqlcipher;
				PRODUCT_NAME = "$(TARGET_NAME)";
				SWIFT_OBJC_BRIDGING_HEADER = "sqlcipher/My-Bridging-Header.h";
			};
			name = Debug;
		};
		1807A89E1C6E4C4D000B92B1 /* Release */ = {
			isa = XCBuildConfiguration;
			buildSettings = {
				ASSETCATALOG_COMPILER_APPICON_NAME = AppIcon;
				ENABLE_BITCODE = NO;
				HEADER_SEARCH_PATHS = "$(PROJECT_DIR)";
				INFOPLIST_FILE = sqlcipher/Info.plist;
				IPHONEOS_DEPLOYMENT_TARGET = 8;
				LD_RUNPATH_SEARCH_PATHS = "$(inherited) @executable_path/Frameworks";
				LIBRARY_SEARCH_PATHS = "$(PROJECT_DIR)";
				OTHER_CFLAGS = (
					"-DSQLITE_HAS_CODEC",
					"-DSQLCIPHER_CRYPTO_CC",
				);
				PRODUCT_BUNDLE_IDENTIFIER = leeey.sqlcipher;
				PRODUCT_NAME = "$(TARGET_NAME)";
				SWIFT_OBJC_BRIDGING_HEADER = "sqlcipher/My-Bridging-Header.h";
			};
			name = Release;
		};
/* End XCBuildConfiguration section */

/* Begin XCConfigurationList section */
		1807A8851C6E4C4D000B92B1 /* Build configuration list for PBXProject "sqlcipher" */ = {
			isa = XCConfigurationList;
			buildConfigurations = (
				1807A89A1C6E4C4D000B92B1 /* Debug */,
				1807A89B1C6E4C4D000B92B1 /* Release */,
			);
			defaultConfigurationIsVisible = 0;
			defaultConfigurationName = Release;
		};
		1807A89C1C6E4C4D000B92B1 /* Build configuration list for PBXNativeTarget "sqlcipher" */ = {
			isa = XCConfigurationList;
			buildConfigurations = (
				1807A89D1C6E4C4D000B92B1 /* Debug */,
				1807A89E1C6E4C4D000B92B1 /* Release */,
			);
			defaultConfigurationIsVisible = 0;
			defaultConfigurationName = Release;
		};
/* End XCConfigurationList section */
	};
	rootObject = 1807A8821C6E4C4D000B92B1 /* Project object */;
}
